
Microsoft Visual Studio Solution File, Format Version 12.00
# Visual Studio Version 16
VisualStudioVersion = 16.0.29209.152
MinimumVisualStudioVersion = 10.0.40219.1
Project("{FAE04EC0-301F-11D3-BF4B-00C04F79EFBC}") = "Stack-Algorithm-Practice", "Stack-Algorithm-Practice\Stack-Algorithm-Practice.csproj", "{17A4966F-E92E-44A9-A86E-1CCF4F1DAE8B}"
EndProject
Global
	GlobalSection(SolutionConfigurationPlatforms) = preSolution
		Debug|Any CPU = Debug|Any CPU
		Release|Any CPU = Release|Any CPU
	EndGlobalSection
	GlobalSection(ProjectConfigurationPlatforms) = postSolution
		{17A4966F-E92E-44A9-A86E-1CCF4F1DAE8B}.Debug|Any CPU.ActiveCfg = Debug|Any CPU
		{17A4966F-E92E-44A9-A86E-1CCF4F1DAE8B}.Debug|Any CPU.Build.0 = Debug|Any CPU
		{17A4966F-E92E-44A9-A86E-1CCF4F1DAE8B}.Release|Any CPU.ActiveCfg = Release|Any CPU
		{17A4966F-E92E-44A9-A86E-1CCF4F1DAE8B}.Release|Any CPU.Build.0 = Release|Any CPU
	EndGlobalSection
	GlobalSection(SolutionProperties) = preSolution
		HideSolutionNode = FALSE
	EndGlobalSection
	GlobalSection(ExtensibilityGlobals) = postSolution
		SolutionGuid = {469F68B5-FFD5-4C50-A9D9-46488594FE95}
	EndGlobalSection
EndGlobal
